
Microsoft Visual Studio Solution File, Format Version 12.00
# Visual Studio Version 17
VisualStudioVersion = 17.7.34031.279
MinimumVisualStudioVersion = 10.0.40219.1
Project("{9A19103F-16F7-4668-BE54-9A1E7A4F7556}") = "mini_desktop_paint_application", "mini_desktop_paint_application.csproj", "{31453B78-071A-44A0-840E-242686EA2AC2}"
EndProject
Global
	GlobalSection(SolutionConfigurationPlatforms) = preSolution
		Debug|Any CPU = Debug|Any CPU
		Release|Any CPU = Release|Any CPU
	EndGlobalSection
	GlobalSection(ProjectConfigurationPlatforms) = postSolution
		{31453B78-071A-44A0-840E-242686EA2AC2}.Debug|Any CPU.ActiveCfg = Debug|Any CPU
		{31453B78-071A-44A0-840E-242686EA2AC2}.Debug|Any CPU.Build.0 = Debug|Any CPU
		{31453B78-071A-44A0-840E-242686EA2AC2}.Release|Any CPU.ActiveCfg = Release|Any CPU
		{31453B78-071A-44A0-840E-242686EA2AC2}.Release|Any CPU.Build.0 = Release|Any CPU
	EndGlobalSection
	GlobalSection(SolutionProperties) = preSolution
		HideSolutionNode = FALSE
	EndGlobalSection
	GlobalSection(ExtensibilityGlobals) = postSolution
		SolutionGuid = {9B1DE6F6-72AE-4F92-A861-D73CF38FAE2F}
	EndGlobalSection
EndGlobal
